
Microsoft Visual Studio Solution File, Format Version 12.00
Project("{FAE04EC0-301F-11D3-BF4B-00C04F79EFBC}") = "Bank.WebApi", "Bank.WebApi\Bank.WebApi.csproj", "{C8DFC612-63F4-4604-B5DA-CE207D3AB4D7}"
EndProject
Project("{FAE04EC0-301F-11D3-BF4B-00C04F79EFBC}") = "Bank.Domain", "Bank.Domain\Bank.Domain.csproj", "{69FE9797-7676-4BB9-BCC3-AE91A1A12B0C}"
EndProject
Project("{FAE04EC0-301F-11D3-BF4B-00C04F79EFBC}") = "Bank.Infra.Data", "Bank.Infra.Data\Bank.Infra.Data.csproj", "{CDD0465C-C6E8-488A-B5E0-99478C01FF68}"
EndProject
Project("{FAE04EC0-301F-11D3-BF4B-00C04F79EFBC}") = "Bank.Infra.IoC", "Bank.Infra.IoC\Bank.Infra.IoC.csproj", "{5712F828-275E-4DAD-92F7-405189103DBA}"
EndProject
Project("{FAE04EC0-301F-11D3-BF4B-00C04F79EFBC}") = "Bank.Application", "Bank.Application\Bank.Application.csproj", "{40DFD003-D543-4EFE-8235-82FCC48E9D7E}"
EndProject
Global
	GlobalSection(SolutionConfigurationPlatforms) = preSolution
		Debug|Any CPU = Debug|Any CPU
		Release|Any CPU = Release|Any CPU
	EndGlobalSection
	GlobalSection(ProjectConfigurationPlatforms) = postSolution
		{C8DFC612-63F4-4604-B5DA-CE207D3AB4D7}.Debug|Any CPU.ActiveCfg = Debug|Any CPU
		{C8DFC612-63F4-4604-B5DA-CE207D3AB4D7}.Debug|Any CPU.Build.0 = Debug|Any CPU
		{C8DFC612-63F4-4604-B5DA-CE207D3AB4D7}.Release|Any CPU.ActiveCfg = Release|Any CPU
		{C8DFC612-63F4-4604-B5DA-CE207D3AB4D7}.Release|Any CPU.Build.0 = Release|Any CPU
		{69FE9797-7676-4BB9-BCC3-AE91A1A12B0C}.Debug|Any CPU.ActiveCfg = Debug|Any CPU
		{69FE9797-7676-4BB9-BCC3-AE91A1A12B0C}.Debug|Any CPU.Build.0 = Debug|Any CPU
		{69FE9797-7676-4BB9-BCC3-AE91A1A12B0C}.Release|Any CPU.ActiveCfg = Release|Any CPU
		{69FE9797-7676-4BB9-BCC3-AE91A1A12B0C}.Release|Any CPU.Build.0 = Release|Any CPU
		{CDD0465C-C6E8-488A-B5E0-99478C01FF68}.Debug|Any CPU.ActiveCfg = Debug|Any CPU
		{CDD0465C-C6E8-488A-B5E0-99478C01FF68}.Debug|Any CPU.Build.0 = Debug|Any CPU
		{CDD0465C-C6E8-488A-B5E0-99478C01FF68}.Release|Any CPU.ActiveCfg = Release|Any CPU
		{CDD0465C-C6E8-488A-B5E0-99478C01FF68}.Release|Any CPU.Build.0 = Release|Any CPU
		{5712F828-275E-4DAD-92F7-405189103DBA}.Debug|Any CPU.ActiveCfg = Debug|Any CPU
		{5712F828-275E-4DAD-92F7-405189103DBA}.Debug|Any CPU.Build.0 = Debug|Any CPU
		{5712F828-275E-4DAD-92F7-405189103DBA}.Release|Any CPU.ActiveCfg = Release|Any CPU
		{5712F828-275E-4DAD-92F7-405189103DBA}.Release|Any CPU.Build.0 = Release|Any CPU
		{40DFD003-D543-4EFE-8235-82FCC48E9D7E}.Debug|Any CPU.ActiveCfg = Debug|Any CPU
		{40DFD003-D543-4EFE-8235-82FCC48E9D7E}.Debug|Any CPU.Build.0 = Debug|Any CPU
		{40DFD003-D543-4EFE-8235-82FCC48E9D7E}.Release|Any CPU.ActiveCfg = Release|Any CPU
		{40DFD003-D543-4EFE-8235-82FCC48E9D7E}.Release|Any CPU.Build.0 = Release|Any CPU
	EndGlobalSection
EndGlobal
